PODS:
  - KJCycleScrollView (0.1.0):
    - SDWebImage
  - SDWebImage (4.0.0):
    - SDWebImage/Core (= 4.0.0)
  - SDWebImage/Core (4.0.0)

DEPENDENCIES:
  - KJCycleScrollView (from `../`)
  - SDWebImage

EXTERNAL SOURCES:
  KJCycleScrollView:
    :path: ../

SPEC CHECKSUMS:
  KJCycleScrollView: 8f75b3cb4a9c28362f6963b78835201299f83ec8
  SDWebImage: 76a6348bdc74eb5a55dd08a091ef298e56b55e41

PODFILE CHECKSUM: a73f2bd50a980afd2e85e23e0223528fcf2dc125

COCOAPODS: 1.2.1
